
Microsoft Visual Studio Solution File, Format Version 12.00
# Visual Studio Version 16
VisualStudioVersion = 16.0.31424.327
MinimumVisualStudioVersion = 10.0.40219.1
Project("{FAE04EC0-301F-11D3-BF4B-00C04F79EFBC}") = "WebApplication1", "WebApplication1\WebApplication1.csproj", "{A2FF434F-913E-49BB-B51D-B661319B07AD}"
EndProject
Global
	GlobalSection(SolutionConfigurationPlatforms) = preSolution
		Debug|Any CPU = Debug|Any CPU
		Release|Any CPU = Release|Any CPU
	EndGlobalSection
	GlobalSection(ProjectConfigurationPlatforms) = postSolution
		{A2FF434F-913E-49BB-B51D-B661319B07AD}.Debug|Any CPU.ActiveCfg = Debug|Any CPU
		{A2FF434F-913E-49BB-B51D-B661319B07AD}.Debug|Any CPU.Build.0 = Debug|Any CPU
		{A2FF434F-913E-49BB-B51D-B661319B07AD}.Release|Any CPU.ActiveCfg = Release|Any CPU
		{A2FF434F-913E-49BB-B51D-B661319B07AD}.Release|Any CPU.Build.0 = Release|Any CPU
	EndGlobalSection
	GlobalSection(SolutionProperties) = preSolution
		HideSolutionNode = FALSE
	EndGlobalSection
	GlobalSection(ExtensibilityGlobals) = postSolution
		SolutionGuid = {EB38BCF4-0952-429C-B9EB-E2CC70413176}
	EndGlobalSection
EndGlobal
